{
  "name": "prod-test",
  "version": "1.0.0",
  "lockfileVersion": 3,
  "requires": true,
  "packages": {
    "": {
      "name": "prod-test",
      "version": "1.0.0",
      "license": "ISC",
      "dependencies": {
        "context-persistence-plugin": "file:.."
      }
    },
    "..": {
      "name": "context-persistence-plugin",
      "version": "0.1.0",
      "license": "MIT",
      "dependencies": {
        "@lancedb/lancedb": "^0.4.0",
        "chalk": "^5.3.0",
        "commander": "^12.0.0",
        "ora": "^7.0.0",
        "uuid": "^9.0.0"
      },
      "bin": {
        "context-persist": "dist/cli.js"
      },
      "devDependencies": {
        "@types/node": "^20.10.0",
        "@types/uuid": "^9.0.0",
        "@vitest/coverage-v8": "^1.0.0",
        "typescript": "^5.3.0",
        "vitest": "^1.0.0"
      },
      "engines": {
        "node": ">=18.0.0"
      }
    },
    "node_modules/context-persistence-plugin": {
      "resolved": "..",
      "link": true
    }
  }
}
